{
  "name": "hexo-theme-landscape",
  "version": "1.0.0",
  "lockfileVersion": 2,
  "requires": true,
  "packages": {
    "": {
      "name": "hexo-theme-landscape",
      "version": "1.0.0",
      "license": "MIT",
      "dependencies": {
        "hexo-breadcrumb": "file:.yalc/hexo-breadcrumb"
      }
    },
    ".yalc/hexo-breadcrumb": {
      "version": "1.2.0",
      "license": "MIT",
      "engines": {
        "node": ">=7.5.0"
      }
    },
    "node_modules/hexo-breadcrumb": {
      "resolved": ".yalc/hexo-breadcrumb",
      "link": true
    }
  },
  "dependencies": {
    "hexo-breadcrumb": {
      "version": "file:.yalc/hexo-breadcrumb"
    }
  }
}
